{
  "object": {
    "pins": [
      {
        "package": "Poly",
        "repositoryURL": "https://github.com/facile-it/Poly.git",
        "state": {
          "branch": "upstream_2_5_2",
          "revision": "a74c8dd85b989701ad18c06c8c54306c3a9afc16",
          "version": null
        }
      }
    ]
  },
  "version": 1
}
