{
  "object": {
    "pins": [
      {
        "package": "Poly",
        "repositoryURL": "https://github.com/facile-it/Poly.git",
        "state": {
          "branch": null,
          "revision": "3fe2fb87bf59fb30c3cc1726341addce0be10f7d",
          "version": "2.5.0"
        }
      }
    ]
  },
  "version": 1
}
